
Microsoft Visual Studio Solution File, Format Version 12.00
# Visual Studio Version 16
VisualStudioVersion = 16.0.29806.167
MinimumVisualStudioVersion = 10.0.40219.1
Project("{FAE04EC0-301F-11D3-BF4B-00C04F79EFBC}") = "Task 2.2. Game Development", "Task 2.2. Game Development\Task 2.2. Game Development.csproj", "{5AF65BD7-58E9-45D9-B0F9-7634D06A43CF}"
EndProject
Global
	GlobalSection(SolutionConfigurationPlatforms) = preSolution
		Debug|Any CPU = Debug|Any CPU
		Release|Any CPU = Release|Any CPU
	EndGlobalSection
	GlobalSection(ProjectConfigurationPlatforms) = postSolution
		{5AF65BD7-58E9-45D9-B0F9-7634D06A43CF}.Debug|Any CPU.ActiveCfg = Debug|Any CPU
		{5AF65BD7-58E9-45D9-B0F9-7634D06A43CF}.Debug|Any CPU.Build.0 = Debug|Any CPU
		{5AF65BD7-58E9-45D9-B0F9-7634D06A43CF}.Release|Any CPU.ActiveCfg = Release|Any CPU
		{5AF65BD7-58E9-45D9-B0F9-7634D06A43CF}.Release|Any CPU.Build.0 = Release|Any CPU
	EndGlobalSection
	GlobalSection(SolutionProperties) = preSolution
		HideSolutionNode = FALSE
	EndGlobalSection
	GlobalSection(ExtensibilityGlobals) = postSolution
		SolutionGuid = {E45E1641-3E47-4E15-8304-9463C3E4B3BE}
	EndGlobalSection
EndGlobal
