
Microsoft Visual Studio Solution File, Format Version 12.00
# Visual Studio Version 16
VisualStudioVersion = 16.0.29806.167
MinimumVisualStudioVersion = 10.0.40219.1
Project("{9A19103F-16F7-4668-BE54-9A1E7A4F7556}") = "Task 1.1.2", "Task 1.1.2\Task 1.1.2.csproj", "{B944EDC4-D59D-4826-8E97-87CC4B58AEB2}"
EndProject
Project("{2150E333-8FDC-42A3-9474-1A3956D46DE8}") = "Tasks 1.1", "Tasks 1.1", "{D4ECBE0B-B0DA-406B-A169-905B7FE1D742}"
EndProject
Project("{9A19103F-16F7-4668-BE54-9A1E7A4F7556}") = "Task 1.1.3", "Task 1.1.3\Task 1.1.3.csproj", "{46CC54C1-9076-47CF-9832-180D700A6F0A}"
EndProject
Project("{9A19103F-16F7-4668-BE54-9A1E7A4F7556}") = "Task 1.1.4", "Task 1.1.4\Task 1.1.4.csproj", "{3C74B84C-5951-4E21-811D-F436FCE141CD}"
EndProject
Project("{9A19103F-16F7-4668-BE54-9A1E7A4F7556}") = "Task 1.1.5", "Task 1.1.5\Task 1.1.5.csproj", "{0EE68E8F-B021-4499-85BD-E9F014C65713}"
EndProject
Project("{9A19103F-16F7-4668-BE54-9A1E7A4F7556}") = "Task 1.1.6", "Task 1.1.6\Task 1.1.6.csproj", "{5589949E-9004-4CF8-A1D1-741A51A7E41E}"
EndProject
Project("{9A19103F-16F7-4668-BE54-9A1E7A4F7556}") = "Task 1.1.7", "Task 1.1.7\Task 1.1.7.csproj", "{FC14A703-9C30-4654-8BE4-B4A585F05116}"
EndProject
Project("{9A19103F-16F7-4668-BE54-9A1E7A4F7556}") = "Task 1.1.8", "Task 1.1.8\Task 1.1.8.csproj", "{D5A4D678-08F6-4A35-977D-04512D60FC57}"
EndProject
Project("{9A19103F-16F7-4668-BE54-9A1E7A4F7556}") = "Task 1.1.9", "Task 1.1.9\Task 1.1.9.csproj", "{7E5F5C44-4309-4AAB-A5E7-790CA78384EF}"
EndProject
Project("{9A19103F-16F7-4668-BE54-9A1E7A4F7556}") = "Task 1.1.10", "Task 1.1.10\Task 1.1.10.csproj", "{D1F971BA-3F49-480A-B4F2-B063093E3E67}"
EndProject
Project("{9A19103F-16F7-4668-BE54-9A1E7A4F7556}") = "Task 1.2.1", "Task 1.2.1\Task 1.2.1.csproj", "{23546C3D-1023-438D-A0B9-F5B25B85FD9B}"
EndProject
Project("{2150E333-8FDC-42A3-9474-1A3956D46DE8}") = "Tasks 1.2", "Tasks 1.2", "{A13FC3FD-C64C-4DDD-9446-DC754C670F3F}"
EndProject
Project("{9A19103F-16F7-4668-BE54-9A1E7A4F7556}") = "Task 1.1.1", "Task 1.1.1\Task 1.1.1.csproj", "{FB4E1CD8-528D-40D6-AF3A-1E0BEC4C5CFC}"
EndProject
Project("{9A19103F-16F7-4668-BE54-9A1E7A4F7556}") = "Task 1.2.2", "Task 1.2.2\Task 1.2.2.csproj", "{8BEC3D61-EA33-4A78-A1FD-D32E0079B3AD}"
EndProject
Project("{9A19103F-16F7-4668-BE54-9A1E7A4F7556}") = "Task 1.2.3", "Task 1.2.3\Task 1.2.3.csproj", "{C8FEFEDE-8697-4D4A-BE67-63275E34A2AB}"
EndProject
Global
	GlobalSection(SolutionConfigurationPlatforms) = preSolution
		Debug|Any CPU = Debug|Any CPU
		Release|Any CPU = Release|Any CPU
	EndGlobalSection
	GlobalSection(ProjectConfigurationPlatforms) = postSolution
		{B944EDC4-D59D-4826-8E97-87CC4B58AEB2}.Debug|Any CPU.ActiveCfg = Debug|Any CPU
		{B944EDC4-D59D-4826-8E97-87CC4B58AEB2}.Debug|Any CPU.Build.0 = Debug|Any CPU
		{B944EDC4-D59D-4826-8E97-87CC4B58AEB2}.Release|Any CPU.ActiveCfg = Release|Any CPU
		{B944EDC4-D59D-4826-8E97-87CC4B58AEB2}.Release|Any CPU.Build.0 = Release|Any CPU
		{46CC54C1-9076-47CF-9832-180D700A6F0A}.Debug|Any CPU.ActiveCfg = Debug|Any CPU
		{46CC54C1-9076-47CF-9832-180D700A6F0A}.Debug|Any CPU.Build.0 = Debug|Any CPU
		{46CC54C1-9076-47CF-9832-180D700A6F0A}.Release|Any CPU.ActiveCfg = Release|Any CPU
		{46CC54C1-9076-47CF-9832-180D700A6F0A}.Release|Any CPU.Build.0 = Release|Any CPU
		{3C74B84C-5951-4E21-811D-F436FCE141CD}.Debug|Any CPU.ActiveCfg = Debug|Any CPU
		{3C74B84C-5951-4E21-811D-F436FCE141CD}.Debug|Any CPU.Build.0 = Debug|Any CPU
		{3C74B84C-5951-4E21-811D-F436FCE141CD}.Release|Any CPU.ActiveCfg = Release|Any CPU
		{3C74B84C-5951-4E21-811D-F436FCE141CD}.Release|Any CPU.Build.0 = Release|Any CPU
		{0EE68E8F-B021-4499-85BD-E9F014C65713}.Debug|Any CPU.ActiveCfg = Debug|Any CPU
		{0EE68E8F-B021-4499-85BD-E9F014C65713}.Debug|Any CPU.Build.0 = Debug|Any CPU
		{0EE68E8F-B021-4499-85BD-E9F014C65713}.Release|Any CPU.ActiveCfg = Release|Any CPU
		{0EE68E8F-B021-4499-85BD-E9F014C65713}.Release|Any CPU.Build.0 = Release|Any CPU
		{5589949E-9004-4CF8-A1D1-741A51A7E41E}.Debug|Any CPU.ActiveCfg = Debug|Any CPU
		{5589949E-9004-4CF8-A1D1-741A51A7E41E}.Debug|Any CPU.Build.0 = Debug|Any CPU
		{5589949E-9004-4CF8-A1D1-741A51A7E41E}.Release|Any CPU.ActiveCfg = Release|Any CPU
		{5589949E-9004-4CF8-A1D1-741A51A7E41E}.Release|Any CPU.Build.0 = Release|Any CPU
		{FC14A703-9C30-4654-8BE4-B4A585F05116}.Debug|Any CPU.ActiveCfg = Debug|Any CPU
		{FC14A703-9C30-4654-8BE4-B4A585F05116}.Debug|Any CPU.Build.0 = Debug|Any CPU
		{FC14A703-9C30-4654-8BE4-B4A585F05116}.Release|Any CPU.ActiveCfg = Release|Any CPU
		{FC14A703-9C30-4654-8BE4-B4A585F05116}.Release|Any CPU.Build.0 = Release|Any CPU
		{D5A4D678-08F6-4A35-977D-04512D60FC57}.Debug|Any CPU.ActiveCfg = Debug|Any CPU
		{D5A4D678-08F6-4A35-977D-04512D60FC57}.Debug|Any CPU.Build.0 = Debug|Any CPU
		{D5A4D678-08F6-4A35-977D-04512D60FC57}.Release|Any CPU.ActiveCfg = Release|Any CPU
		{D5A4D678-08F6-4A35-977D-04512D60FC57}.Release|Any CPU.Build.0 = Release|Any CPU
		{7E5F5C44-4309-4AAB-A5E7-790CA78384EF}.Debug|Any CPU.ActiveCfg = Debug|Any CPU
		{7E5F5C44-4309-4AAB-A5E7-790CA78384EF}.Debug|Any CPU.Build.0 = Debug|Any CPU
		{7E5F5C44-4309-4AAB-A5E7-790CA78384EF}.Release|Any CPU.ActiveCfg = Release|Any CPU
		{7E5F5C44-4309-4AAB-A5E7-790CA78384EF}.Release|Any CPU.Build.0 = Release|Any CPU
		{D1F971BA-3F49-480A-B4F2-B063093E3E67}.Debug|Any CPU.ActiveCfg = Debug|Any CPU
		{D1F971BA-3F49-480A-B4F2-B063093E3E67}.Debug|Any CPU.Build.0 = Debug|Any CPU
		{D1F971BA-3F49-480A-B4F2-B063093E3E67}.Release|Any CPU.ActiveCfg = Release|Any CPU
		{D1F971BA-3F49-480A-B4F2-B063093E3E67}.Release|Any CPU.Build.0 = Release|Any CPU
		{23546C3D-1023-438D-A0B9-F5B25B85FD9B}.Debug|Any CPU.ActiveCfg = Debug|Any CPU
		{23546C3D-1023-438D-A0B9-F5B25B85FD9B}.Debug|Any CPU.Build.0 = Debug|Any CPU
		{23546C3D-1023-438D-A0B9-F5B25B85FD9B}.Release|Any CPU.ActiveCfg = Release|Any CPU
		{23546C3D-1023-438D-A0B9-F5B25B85FD9B}.Release|Any CPU.Build.0 = Release|Any CPU
		{FB4E1CD8-528D-40D6-AF3A-1E0BEC4C5CFC}.Debug|Any CPU.ActiveCfg = Debug|Any CPU
		{FB4E1CD8-528D-40D6-AF3A-1E0BEC4C5CFC}.Debug|Any CPU.Build.0 = Debug|Any CPU
		{FB4E1CD8-528D-40D6-AF3A-1E0BEC4C5CFC}.Release|Any CPU.ActiveCfg = Release|Any CPU
		{FB4E1CD8-528D-40D6-AF3A-1E0BEC4C5CFC}.Release|Any CPU.Build.0 = Release|Any CPU
		{8BEC3D61-EA33-4A78-A1FD-D32E0079B3AD}.Debug|Any CPU.ActiveCfg = Debug|Any CPU
		{8BEC3D61-EA33-4A78-A1FD-D32E0079B3AD}.Debug|Any CPU.Build.0 = Debug|Any CPU
		{8BEC3D61-EA33-4A78-A1FD-D32E0079B3AD}.Release|Any CPU.ActiveCfg = Release|Any CPU
		{8BEC3D61-EA33-4A78-A1FD-D32E0079B3AD}.Release|Any CPU.Build.0 = Release|Any CPU
		{C8FEFEDE-8697-4D4A-BE67-63275E34A2AB}.Debug|Any CPU.ActiveCfg = Debug|Any CPU
		{C8FEFEDE-8697-4D4A-BE67-63275E34A2AB}.Debug|Any CPU.Build.0 = Debug|Any CPU
		{C8FEFEDE-8697-4D4A-BE67-63275E34A2AB}.Release|Any CPU.ActiveCfg = Release|Any CPU
		{C8FEFEDE-8697-4D4A-BE67-63275E34A2AB}.Release|Any CPU.Build.0 = Release|Any CPU
	EndGlobalSection
	GlobalSection(SolutionProperties) = preSolution
		HideSolutionNode = FALSE
	EndGlobalSection
	GlobalSection(NestedProjects) = preSolution
		{B944EDC4-D59D-4826-8E97-87CC4B58AEB2} = {D4ECBE0B-B0DA-406B-A169-905B7FE1D742}
		{46CC54C1-9076-47CF-9832-180D700A6F0A} = {D4ECBE0B-B0DA-406B-A169-905B7FE1D742}
		{3C74B84C-5951-4E21-811D-F436FCE141CD} = {D4ECBE0B-B0DA-406B-A169-905B7FE1D742}
		{0EE68E8F-B021-4499-85BD-E9F014C65713} = {D4ECBE0B-B0DA-406B-A169-905B7FE1D742}
		{5589949E-9004-4CF8-A1D1-741A51A7E41E} = {D4ECBE0B-B0DA-406B-A169-905B7FE1D742}
		{FC14A703-9C30-4654-8BE4-B4A585F05116} = {D4ECBE0B-B0DA-406B-A169-905B7FE1D742}
		{D5A4D678-08F6-4A35-977D-04512D60FC57} = {D4ECBE0B-B0DA-406B-A169-905B7FE1D742}
		{7E5F5C44-4309-4AAB-A5E7-790CA78384EF} = {D4ECBE0B-B0DA-406B-A169-905B7FE1D742}
		{D1F971BA-3F49-480A-B4F2-B063093E3E67} = {D4ECBE0B-B0DA-406B-A169-905B7FE1D742}
		{23546C3D-1023-438D-A0B9-F5B25B85FD9B} = {A13FC3FD-C64C-4DDD-9446-DC754C670F3F}
		{FB4E1CD8-528D-40D6-AF3A-1E0BEC4C5CFC} = {D4ECBE0B-B0DA-406B-A169-905B7FE1D742}
		{8BEC3D61-EA33-4A78-A1FD-D32E0079B3AD} = {A13FC3FD-C64C-4DDD-9446-DC754C670F3F}
		{C8FEFEDE-8697-4D4A-BE67-63275E34A2AB} = {A13FC3FD-C64C-4DDD-9446-DC754C670F3F}
	EndGlobalSection
	GlobalSection(ExtensibilityGlobals) = postSolution
		SolutionGuid = {09A205C2-9201-4EAB-BBF0-E526A2FE851E}
	EndGlobalSection
EndGlobal
